
Microsoft Visual Studio Solution File, Format Version 12.00
# Visual Studio Version 17
VisualStudioVersion = 17.14.36518.9 d17.14
MinimumVisualStudioVersion = 10.0.40219.1
Project("{FAE04EC0-301F-11D3-BF4B-00C04F79EFBC}") = "HOTELMANANGEMENTSYSTEM", "HOTELMANANGEMENTSYSTEM.csproj", "{E5465922-18DC-4D3F-9EB1-B5D7F24164B7}"
EndProject
Global
	GlobalSection(SolutionConfigurationPlatforms) = preSolution
		Debug|Any CPU = Debug|Any CPU
		Release|Any CPU = Release|Any CPU
	EndGlobalSection
	GlobalSection(ProjectConfigurationPlatforms) = postSolution
		{E5465922-18DC-4D3F-9EB1-B5D7F24164B7}.Debug|Any CPU.ActiveCfg = Debug|Any CPU
		{E5465922-18DC-4D3F-9EB1-B5D7F24164B7}.Debug|Any CPU.Build.0 = Debug|Any CPU
		{E5465922-18DC-4D3F-9EB1-B5D7F24164B7}.Release|Any CPU.ActiveCfg = Release|Any CPU
		{E5465922-18DC-4D3F-9EB1-B5D7F24164B7}.Release|Any CPU.Build.0 = Release|Any CPU
	EndGlobalSection
	GlobalSection(SolutionProperties) = preSolution
		HideSolutionNode = FALSE
	EndGlobalSection
	GlobalSection(ExtensibilityGlobals) = postSolution
		SolutionGuid = {72102281-9096-4177-8ACC-733EA5EAEEB8}
	EndGlobalSection
EndGlobal
